
Microsoft Visual Studio Solution File, Format Version 11.00
# Visual Studio 2010
Project("{FAE04EC0-301F-11D3-BF4B-00C04F79EFBC}") = "Unity.2D.PixelPerfect.Tests", "Unity.2D.PixelPerfect.Tests.csproj", "{E3592CFB-32DF-2EE3-0697-DDFCEAA2E9AA}"
EndProject
Project("{FAE04EC0-301F-11D3-BF4B-00C04F79EFBC}") = "UnityEngine.TestRunner", "UnityEngine.TestRunner.csproj", "{976C153B-B443-149F-E2A9-72C4194DBA60}"
EndProject
Project("{FAE04EC0-301F-11D3-BF4B-00C04F79EFBC}") = "Unity.Mathematics", "Unity.Mathematics.csproj", "{90A9684C-CA18-B872-2AA0-70F7BFF41C4C}"
EndProject
Project("{FAE04EC0-301F-11D3-BF4B-00C04F79EFBC}") = "Unity.2D.Animation.Triangle.Runtime", "Unity.2D.Animation.Triangle.Runtime.csproj", "{F0E97428-E2DB-F8B0-169F-648A20A22A63}"
EndProject
Project("{FAE04EC0-301F-11D3-BF4B-00C04F79EFBC}") = "UnityEngine.UI.Tests", "UnityEngine.UI.Tests.csproj", "{CD2A0D6C-6D85-50DB-3BE8-AF1163A18F9D}"
EndProject
Project("{FAE04EC0-301F-11D3-BF4B-00C04F79EFBC}") = "Unity.Timeline", "Unity.Timeline.csproj", "{B597E32B-3E88-13EB-8390-159DE9B7F867}"
EndProject
Project("{FAE04EC0-301F-11D3-BF4B-00C04F79EFBC}") = "UnityEngine.UI", "UnityEngine.UI.csproj", "{C1A5B030-B7EE-A378-F159-7190A4B8F251}"
EndProject
Project("{FAE04EC0-301F-11D3-BF4B-00C04F79EFBC}") = "Unity.TextMeshPro", "Unity.TextMeshPro.csproj", "{B339FDE7-515B-0A74-697D-E26216B36208}"
EndProject
Project("{FAE04EC0-301F-11D3-BF4B-00C04F79EFBC}") = "Unity.2D.Animation.Runtime", "Unity.2D.Animation.Runtime.csproj", "{9DE52775-FB85-A704-E763-944025755A92}"
EndProject
Project("{FAE04EC0-301F-11D3-BF4B-00C04F79EFBC}") = "Assembly-CSharp", "Assembly-CSharp.csproj", "{600C698E-9957-2D2E-7A83-55C7794688B3}"
EndProject
Project("{FAE04EC0-301F-11D3-BF4B-00C04F79EFBC}") = "Unity.2D.IK.Runtime", "Unity.2D.IK.Runtime.csproj", "{5C3354BB-7F7B-2330-A184-D71FC49A063F}"
EndProject
Project("{FAE04EC0-301F-11D3-BF4B-00C04F79EFBC}") = "Unity.2D.SpriteShape.Runtime", "Unity.2D.SpriteShape.Runtime.csproj", "{94F34C8A-68A5-C149-2A06-8705C70A89D1}"
EndProject
Project("{FAE04EC0-301F-11D3-BF4B-00C04F79EFBC}") = "Unity.2D.PixelPerfect", "Unity.2D.PixelPerfect.csproj", "{F53056DD-1AD6-2BF5-0E53-7E32EA451FA4}"
EndProject
Project("{FAE04EC0-301F-11D3-BF4B-00C04F79EFBC}") = "Unity.2D.Common.Runtime", "Unity.2D.Common.Runtime.csproj", "{7325DF9B-28B4-87F3-319C-C13E1EFFE5A2}"
EndProject
Project("{FAE04EC0-301F-11D3-BF4B-00C04F79EFBC}") = "Unity.TextMeshPro.Tests", "Unity.TextMeshPro.Tests.csproj", "{ADE20118-FB1C-2094-4398-3499DA817885}"
EndProject
Project("{FAE04EC0-301F-11D3-BF4B-00C04F79EFBC}") = "Unity.InternalAPIEngineBridge.001", "Unity.InternalAPIEngineBridge.001.csproj", "{227388D6-9A36-0A37-AE09-62355216E634}"
EndProject
Project("{FAE04EC0-301F-11D3-BF4B-00C04F79EFBC}") = "UnityEditor.TestRunner", "UnityEditor.TestRunner.csproj", "{7BFF87DC-A2F1-02CF-35A0-9E1975A065B7}"
EndProject
Project("{FAE04EC0-301F-11D3-BF4B-00C04F79EFBC}") = "Unity.PlasticSCM.Editor", "Unity.PlasticSCM.Editor.csproj", "{BDA31B2F-D842-A342-C4AC-0ACC4A26CA14}"
EndProject
Project("{FAE04EC0-301F-11D3-BF4B-00C04F79EFBC}") = "UnityEditor.UI", "UnityEditor.UI.csproj", "{42AE7471-FEBE-0999-8C6D-64517FDA9CEC}"
EndProject
Project("{FAE04EC0-301F-11D3-BF4B-00C04F79EFBC}") = "Unity.Services.Core.Editor", "Unity.Services.Core.Editor.csproj", "{21AAF89D-2AB3-F5D9-5416-1D0C0AECD073}"
EndProject
Project("{FAE04EC0-301F-11D3-BF4B-00C04F79EFBC}") = "Unity.Timeline.Editor", "Unity.Timeline.Editor.csproj", "{8546ED2B-C3E2-8DCE-C6B5-509A33E5704D}"
EndProject
Project("{FAE04EC0-301F-11D3-BF4B-00C04F79EFBC}") = "Unity.VisualStudio.Editor", "Unity.VisualStudio.Editor.csproj", "{EC4138EB-0412-1DE9-CF69-BFBEF8171B16}"
EndProject
Project("{FAE04EC0-301F-11D3-BF4B-00C04F79EFBC}") = "Unity.2D.Psdimporter.Editor", "Unity.2D.Psdimporter.Editor.csproj", "{66FCB516-DCC0-81FC-6483-B83D44F5473E}"
EndProject
Project("{FAE04EC0-301F-11D3-BF4B-00C04F79EFBC}") = "Unity.2D.Animation.Editor", "Unity.2D.Animation.Editor.csproj", "{5D203CCD-12AC-1C8B-0B96-057175628B25}"
EndProject
Project("{FAE04EC0-301F-11D3-BF4B-00C04F79EFBC}") = "Unity.TextMeshPro.Editor", "Unity.TextMeshPro.Editor.csproj", "{C6AD8718-01F1-18AE-1729-48DCA0AA02E8}"
EndProject
Project("{FAE04EC0-301F-11D3-BF4B-00C04F79EFBC}") = "Unity.2D.SpriteShape.Editor", "Unity.2D.SpriteShape.Editor.csproj", "{E77A90F8-EED0-C342-59D3-71B881325681}"
EndProject
Project("{FAE04EC0-301F-11D3-BF4B-00C04F79EFBC}") = "Unity.CollabProxy.Editor", "Unity.CollabProxy.Editor.csproj", "{FF7AE9C1-B1B7-8969-83BD-9E712AE54795}"
EndProject
Project("{FAE04EC0-301F-11D3-BF4B-00C04F79EFBC}") = "PsdPlugin", "PsdPlugin.csproj", "{FCBFDB18-F413-DF7B-1842-1F4B1D0D18FA}"
EndProject
Project("{FAE04EC0-301F-11D3-BF4B-00C04F79EFBC}") = "DocCodeExamples", "DocCodeExamples.csproj", "{21F81ABD-4172-979E-F873-FC65BC9791FB}"
EndProject
Project("{FAE04EC0-301F-11D3-BF4B-00C04F79EFBC}") = "Unity.2D.Path.Editor", "Unity.2D.Path.Editor.csproj", "{037C0942-C9DE-92DF-031D-541422011545}"
EndProject
Project("{FAE04EC0-301F-11D3-BF4B-00C04F79EFBC}") = "Unity.Mathematics.Tests", "Unity.Mathematics.Tests.csproj", "{67745795-0168-3F95-5F08-4A52BAFD95AB}"
EndProject
Project("{FAE04EC0-301F-11D3-BF4B-00C04F79EFBC}") = "Unity.PlasticSCM.EditorTests", "Unity.PlasticSCM.EditorTests.csproj", "{D2F29024-6F6C-B37A-BA32-C89EC49B37A9}"
EndProject
Project("{FAE04EC0-301F-11D3-BF4B-00C04F79EFBC}") = "Unity.Rider.Editor", "Unity.Rider.Editor.csproj", "{209C205B-76AE-6D14-C66E-23F7879E1855}"
EndProject
Project("{FAE04EC0-301F-11D3-BF4B-00C04F79EFBC}") = "UnityEditor.UI.EditorTests", "UnityEditor.UI.EditorTests.csproj", "{90A096CF-006C-3FB6-E277-742F0ABA0AD9}"
EndProject
Project("{FAE04EC0-301F-11D3-BF4B-00C04F79EFBC}") = "Unity.CollabProxy.EditorTests", "Unity.CollabProxy.EditorTests.csproj", "{20A1C1FD-4DA6-AA28-14EE-B1E4954A8AF1}"
EndProject
Project("{FAE04EC0-301F-11D3-BF4B-00C04F79EFBC}") = "Unity.2D.IK.Editor", "Unity.2D.IK.Editor.csproj", "{7CA456C9-5ECA-84A5-F170-D886C87605B5}"
EndProject
Project("{FAE04EC0-301F-11D3-BF4B-00C04F79EFBC}") = "Unity.2D.SpriteShape.EditorTests", "Unity.2D.SpriteShape.EditorTests.csproj", "{56C689E7-9533-A168-9BFD-E9271DE6AC9C}"
EndProject
Project("{FAE04EC0-301F-11D3-BF4B-00C04F79EFBC}") = "Unity.2D.Sprite.Editor", "Unity.2D.Sprite.Editor.csproj", "{5CE9A5A6-9595-723E-7490-9FB8CDBB2F28}"
EndProject
Project("{FAE04EC0-301F-11D3-BF4B-00C04F79EFBC}") = "Unity.2D.Tilemap.Editor", "Unity.2D.Tilemap.Editor.csproj", "{F98102B9-DAB3-27F6-26B6-FDCA482C8D35}"
EndProject
Project("{FAE04EC0-301F-11D3-BF4B-00C04F79EFBC}") = "Unity.2D.PixelPerfect.Editor", "Unity.2D.PixelPerfect.Editor.csproj", "{FC713F19-99D8-523D-46FE-882B57455919}"
EndProject
Project("{FAE04EC0-301F-11D3-BF4B-00C04F79EFBC}") = "Unity.VSCode.Editor", "Unity.VSCode.Editor.csproj", "{5BFE68A5-D10F-CD96-D942-B0B40C2DD306}"
EndProject
Project("{FAE04EC0-301F-11D3-BF4B-00C04F79EFBC}") = "Unity.2D.Common.Editor", "Unity.2D.Common.Editor.csproj", "{C7B88FF3-736F-2474-01DB-D51B9ECA01CA}"
EndProject
Project("{FAE04EC0-301F-11D3-BF4B-00C04F79EFBC}") = "Unity.Mathematics.Editor", "Unity.Mathematics.Editor.csproj", "{2E7B32B0-9952-920F-9A19-03B5AB3CCF6E}"
EndProject
Project("{FAE04EC0-301F-11D3-BF4B-00C04F79EFBC}") = "Unity.2D.PixelPerfect.Editor.Tests", "Unity.2D.PixelPerfect.Editor.Tests.csproj", "{DEE8F688-FAF3-32BD-044B-87DEF97B2EC1}"
EndProject
Project("{FAE04EC0-301F-11D3-BF4B-00C04F79EFBC}") = "Unity.2D.Common.EditorTests", "Unity.2D.Common.EditorTests.csproj", "{5FCBFF64-2211-33FF-17EB-DD5D331EEBE1}"
EndProject
Project("{FAE04EC0-301F-11D3-BF4B-00C04F79EFBC}") = "Unity.2D.Path.Tests", "Unity.2D.Path.Tests.csproj", "{F0C09E77-9BB7-A312-6AD3-2492809959ED}"
EndProject
Project("{FAE04EC0-301F-11D3-BF4B-00C04F79EFBC}") = "Unity.InternalAPIEditorBridge.001", "Unity.InternalAPIEditorBridge.001.csproj", "{4DFBD362-C908-3CAB-250D-DEDD8C7E1E51}"
EndProject
Project("{FAE04EC0-301F-11D3-BF4B-00C04F79EFBC}") = "Unity.2D.Tilemap.Package.EditorTests", "Unity.2D.Tilemap.Package.EditorTests.csproj", "{86F4B083-5994-B4C9-4AE5-11704D9B2DDF}"
EndProject
Project("{FAE04EC0-301F-11D3-BF4B-00C04F79EFBC}") = "Unity.2D.Psdimporter.EditorTests", "Unity.2D.Psdimporter.EditorTests.csproj", "{37FABFC4-8637-D8D3-9ACC-ADA7591CCB0B}"
EndProject
Project("{FAE04EC0-301F-11D3-BF4B-00C04F79EFBC}") = "Unity.2D.Sprite.Package.EditorTests", "Unity.2D.Sprite.Package.EditorTests.csproj", "{68D33ED9-6E51-0685-4636-C6F3907453CE}"
EndProject
Project("{FAE04EC0-301F-11D3-BF4B-00C04F79EFBC}") = "Unity.Nuget.NewtonsoftJson.EditorTests", "Unity.Nuget.NewtonsoftJson.EditorTests.csproj", "{293FB247-90FE-A0F0-5071-90F74E5ABE6E}"
EndProject
Project("{FAE04EC0-301F-11D3-BF4B-00C04F79EFBC}") = "Unity.TextMeshPro.Editor.Tests", "Unity.TextMeshPro.Editor.Tests.csproj", "{88B4C2EB-30E0-5C8C-86DF-0659E0488BFD}"
EndProject
Project("{FAE04EC0-301F-11D3-BF4B-00C04F79EFBC}") = "Unity.2D.Animation.EditorTests", "Unity.2D.Animation.EditorTests.csproj", "{DBBD3B68-4ED2-9C18-9958-212B7720DEA9}"
EndProject
Global
	GlobalSection(SolutionConfigurationPlatforms) = preSolution
		Debug|Any CPU = Debug|Any CPU
		Release|Any CPU = Release|Any CPU
	EndGlobalSection
	GlobalSection(ProjectConfigurationPlatforms) = postSolution
		{E3592CFB-32DF-2EE3-0697-DDFCEAA2E9AA}.Debug|Any CPU.ActiveCfg = Debug|Any CPU
		{E3592CFB-32DF-2EE3-0697-DDFCEAA2E9AA}.Debug|Any CPU.Build.0 = Debug|Any CPU
		{E3592CFB-32DF-2EE3-0697-DDFCEAA2E9AA}.Release|Any CPU.ActiveCfg = Release|Any CPU
		{E3592CFB-32DF-2EE3-0697-DDFCEAA2E9AA}.Release|Any CPU.Build.0 = Release|Any CPU
		{976C153B-B443-149F-E2A9-72C4194DBA60}.Debug|Any CPU.ActiveCfg = Debug|Any CPU
		{976C153B-B443-149F-E2A9-72C4194DBA60}.Debug|Any CPU.Build.0 = Debug|Any CPU
		{976C153B-B443-149F-E2A9-72C4194DBA60}.Release|Any CPU.ActiveCfg = Release|Any CPU
		{976C153B-B443-149F-E2A9-72C4194DBA60}.Release|Any CPU.Build.0 = Release|Any CPU
		{90A9684C-CA18-B872-2AA0-70F7BFF41C4C}.Debug|Any CPU.ActiveCfg = Debug|Any CPU
		{90A9684C-CA18-B872-2AA0-70F7BFF41C4C}.Debug|Any CPU.Build.0 = Debug|Any CPU
		{90A9684C-CA18-B872-2AA0-70F7BFF41C4C}.Release|Any CPU.ActiveCfg = Release|Any CPU
		{90A9684C-CA18-B872-2AA0-70F7BFF41C4C}.Release|Any CPU.Build.0 = Release|Any CPU
		{F0E97428-E2DB-F8B0-169F-648A20A22A63}.Debug|Any CPU.ActiveCfg = Debug|Any CPU
		{F0E97428-E2DB-F8B0-169F-648A20A22A63}.Debug|Any CPU.Build.0 = Debug|Any CPU
		{F0E97428-E2DB-F8B0-169F-648A20A22A63}.Release|Any CPU.ActiveCfg = Release|Any CPU
		{F0E97428-E2DB-F8B0-169F-648A20A22A63}.Release|Any CPU.Build.0 = Release|Any CPU
		{CD2A0D6C-6D85-50DB-3BE8-AF1163A18F9D}.Debug|Any CPU.ActiveCfg = Debug|Any CPU
		{CD2A0D6C-6D85-50DB-3BE8-AF1163A18F9D}.Debug|Any CPU.Build.0 = Debug|Any CPU
		{CD2A0D6C-6D85-50DB-3BE8-AF1163A18F9D}.Release|Any CPU.ActiveCfg = Release|Any CPU
		{CD2A0D6C-6D85-50DB-3BE8-AF1163A18F9D}.Release|Any CPU.Build.0 = Release|Any CPU
		{B597E32B-3E88-13EB-8390-159DE9B7F867}.Debug|Any CPU.ActiveCfg = Debug|Any CPU
		{B597E32B-3E88-13EB-8390-159DE9B7F867}.Debug|Any CPU.Build.0 = Debug|Any CPU
		{B597E32B-3E88-13EB-8390-159DE9B7F867}.Release|Any CPU.ActiveCfg = Release|Any CPU
		{B597E32B-3E88-13EB-8390-159DE9B7F867}.Release|Any CPU.Build.0 = Release|Any CPU
		{C1A5B030-B7EE-A378-F159-7190A4B8F251}.Debug|Any CPU.ActiveCfg = Debug|Any CPU
		{C1A5B030-B7EE-A378-F159-7190A4B8F251}.Debug|Any CPU.Build.0 = Debug|Any CPU
		{C1A5B030-B7EE-A378-F159-7190A4B8F251}.Release|Any CPU.ActiveCfg = Release|Any CPU
		{C1A5B030-B7EE-A378-F159-7190A4B8F251}.Release|Any CPU.Build.0 = Release|Any CPU
		{B339FDE7-515B-0A74-697D-E26216B36208}.Debug|Any CPU.ActiveCfg = Debug|Any CPU
		{B339FDE7-515B-0A74-697D-E26216B36208}.Debug|Any CPU.Build.0 = Debug|Any CPU
		{B339FDE7-515B-0A74-697D-E26216B36208}.Release|Any CPU.ActiveCfg = Release|Any CPU
		{B339FDE7-515B-0A74-697D-E26216B36208}.Release|Any CPU.Build.0 = Release|Any CPU
		{9DE52775-FB85-A704-E763-944025755A92}.Debug|Any CPU.ActiveCfg = Debug|Any CPU
		{9DE52775-FB85-A704-E763-944025755A92}.Debug|Any CPU.Build.0 = Debug|Any CPU
		{9DE52775-FB85-A704-E763-944025755A92}.Release|Any CPU.ActiveCfg = Release|Any CPU
		{9DE52775-FB85-A704-E763-944025755A92}.Release|Any CPU.Build.0 = Release|Any CPU
		{600C698E-9957-2D2E-7A83-55C7794688B3}.Debug|Any CPU.ActiveCfg = Debug|Any CPU
		{600C698E-9957-2D2E-7A83-55C7794688B3}.Debug|Any CPU.Build.0 = Debug|Any CPU
		{600C698E-9957-2D2E-7A83-55C7794688B3}.Release|Any CPU.ActiveCfg = Release|Any CPU
		{600C698E-9957-2D2E-7A83-55C7794688B3}.Release|Any CPU.Build.0 = Release|Any CPU
		{5C3354BB-7F7B-2330-A184-D71FC49A063F}.Debug|Any CPU.ActiveCfg = Debug|Any CPU
		{5C3354BB-7F7B-2330-A184-D71FC49A063F}.Debug|Any CPU.Build.0 = Debug|Any CPU
		{5C3354BB-7F7B-2330-A184-D71FC49A063F}.Release|Any CPU.ActiveCfg = Release|Any CPU
		{5C3354BB-7F7B-2330-A184-D71FC49A063F}.Release|Any CPU.Build.0 = Release|Any CPU
		{94F34C8A-68A5-C149-2A06-8705C70A89D1}.Debug|Any CPU.ActiveCfg = Debug|Any CPU
		{94F34C8A-68A5-C149-2A06-8705C70A89D1}.Debug|Any CPU.Build.0 = Debug|Any CPU
		{94F34C8A-68A5-C149-2A06-8705C70A89D1}.Release|Any CPU.ActiveCfg = Release|Any CPU
		{94F34C8A-68A5-C149-2A06-8705C70A89D1}.Release|Any CPU.Build.0 = Release|Any CPU
		{F53056DD-1AD6-2BF5-0E53-7E32EA451FA4}.Debug|Any CPU.ActiveCfg = Debug|Any CPU
		{F53056DD-1AD6-2BF5-0E53-7E32EA451FA4}.Debug|Any CPU.Build.0 = Debug|Any CPU
		{F53056DD-1AD6-2BF5-0E53-7E32EA451FA4}.Release|Any CPU.ActiveCfg = Release|Any CPU
		{F53056DD-1AD6-2BF5-0E53-7E32EA451FA4}.Release|Any CPU.Build.0 = Release|Any CPU
		{7325DF9B-28B4-87F3-319C-C13E1EFFE5A2}.Debug|Any CPU.ActiveCfg = Debug|Any CPU
		{7325DF9B-28B4-87F3-319C-C13E1EFFE5A2}.Debug|Any CPU.Build.0 = Debug|Any CPU
		{7325DF9B-28B4-87F3-319C-C13E1EFFE5A2}.Release|Any CPU.ActiveCfg = Release|Any CPU
		{7325DF9B-28B4-87F3-319C-C13E1EFFE5A2}.Release|Any CPU.Build.0 = Release|Any CPU
		{ADE20118-FB1C-2094-4398-3499DA817885}.Debug|Any CPU.ActiveCfg = Debug|Any CPU
		{ADE20118-FB1C-2094-4398-3499DA817885}.Debug|Any CPU.Build.0 = Debug|Any CPU
		{ADE20118-FB1C-2094-4398-3499DA817885}.Release|Any CPU.ActiveCfg = Release|Any CPU
		{ADE20118-FB1C-2094-4398-3499DA817885}.Release|Any CPU.Build.0 = Release|Any CPU
		{227388D6-9A36-0A37-AE09-62355216E634}.Debug|Any CPU.ActiveCfg = Debug|Any CPU
		{227388D6-9A36-0A37-AE09-62355216E634}.Debug|Any CPU.Build.0 = Debug|Any CPU
		{227388D6-9A36-0A37-AE09-62355216E634}.Release|Any CPU.ActiveCfg = Release|Any CPU
		{227388D6-9A36-0A37-AE09-62355216E634}.Release|Any CPU.Build.0 = Release|Any CPU
		{7BFF87DC-A2F1-02CF-35A0-9E1975A065B7}.Debug|Any CPU.ActiveCfg = Debug|Any CPU
		{7BFF87DC-A2F1-02CF-35A0-9E1975A065B7}.Debug|Any CPU.Build.0 = Debug|Any CPU
		{7BFF87DC-A2F1-02CF-35A0-9E1975A065B7}.Release|Any CPU.ActiveCfg = Release|Any CPU
		{7BFF87DC-A2F1-02CF-35A0-9E1975A065B7}.Release|Any CPU.Build.0 = Release|Any CPU
		{BDA31B2F-D842-A342-C4AC-0ACC4A26CA14}.Debug|Any CPU.ActiveCfg = Debug|Any CPU
		{BDA31B2F-D842-A342-C4AC-0ACC4A26CA14}.Debug|Any CPU.Build.0 = Debug|Any CPU
		{BDA31B2F-D842-A342-C4AC-0ACC4A26CA14}.Release|Any CPU.ActiveCfg = Release|Any CPU
		{BDA31B2F-D842-A342-C4AC-0ACC4A26CA14}.Release|Any CPU.Build.0 = Release|Any CPU
		{42AE7471-FEBE-0999-8C6D-64517FDA9CEC}.Debug|Any CPU.ActiveCfg = Debug|Any CPU
		{42AE7471-FEBE-0999-8C6D-64517FDA9CEC}.Debug|Any CPU.Build.0 = Debug|Any CPU
		{42AE7471-FEBE-0999-8C6D-64517FDA9CEC}.Release|Any CPU.ActiveCfg = Release|Any CPU
		{42AE7471-FEBE-0999-8C6D-64517FDA9CEC}.Release|Any CPU.Build.0 = Release|Any CPU
		{21AAF89D-2AB3-F5D9-5416-1D0C0AECD073}.Debug|Any CPU.ActiveCfg = Debug|Any CPU
		{21AAF89D-2AB3-F5D9-5416-1D0C0AECD073}.Debug|Any CPU.Build.0 = Debug|Any CPU
		{21AAF89D-2AB3-F5D9-5416-1D0C0AECD073}.Release|Any CPU.ActiveCfg = Release|Any CPU
		{21AAF89D-2AB3-F5D9-5416-1D0C0AECD073}.Release|Any CPU.Build.0 = Release|Any CPU
		{8546ED2B-C3E2-8DCE-C6B5-509A33E5704D}.Debug|Any CPU.ActiveCfg = Debug|Any CPU
		{8546ED2B-C3E2-8DCE-C6B5-509A33E5704D}.Debug|Any CPU.Build.0 = Debug|Any CPU
		{8546ED2B-C3E2-8DCE-C6B5-509A33E5704D}.Release|Any CPU.ActiveCfg = Release|Any CPU
		{8546ED2B-C3E2-8DCE-C6B5-509A33E5704D}.Release|Any CPU.Build.0 = Release|Any CPU
		{EC4138EB-0412-1DE9-CF69-BFBEF8171B16}.Debug|Any CPU.ActiveCfg = Debug|Any CPU
		{EC4138EB-0412-1DE9-CF69-BFBEF8171B16}.Debug|Any CPU.Build.0 = Debug|Any CPU
		{EC4138EB-0412-1DE9-CF69-BFBEF8171B16}.Release|Any CPU.ActiveCfg = Release|Any CPU
		{EC4138EB-0412-1DE9-CF69-BFBEF8171B16}.Release|Any CPU.Build.0 = Release|Any CPU
		{66FCB516-DCC0-81FC-6483-B83D44F5473E}.Debug|Any CPU.ActiveCfg = Debug|Any CPU
		{66FCB516-DCC0-81FC-6483-B83D44F5473E}.Debug|Any CPU.Build.0 = Debug|Any CPU
		{66FCB516-DCC0-81FC-6483-B83D44F5473E}.Release|Any CPU.ActiveCfg = Release|Any CPU
		{66FCB516-DCC0-81FC-6483-B83D44F5473E}.Release|Any CPU.Build.0 = Release|Any CPU
		{5D203CCD-12AC-1C8B-0B96-057175628B25}.Debug|Any CPU.ActiveCfg = Debug|Any CPU
		{5D203CCD-12AC-1C8B-0B96-057175628B25}.Debug|Any CPU.Build.0 = Debug|Any CPU
		{5D203CCD-12AC-1C8B-0B96-057175628B25}.Release|Any CPU.ActiveCfg = Release|Any CPU
		{5D203CCD-12AC-1C8B-0B96-057175628B25}.Release|Any CPU.Build.0 = Release|Any CPU
		{C6AD8718-01F1-18AE-1729-48DCA0AA02E8}.Debug|Any CPU.ActiveCfg = Debug|Any CPU
		{C6AD8718-01F1-18AE-1729-48DCA0AA02E8}.Debug|Any CPU.Build.0 = Debug|Any CPU
		{C6AD8718-01F1-18AE-1729-48DCA0AA02E8}.Release|Any CPU.ActiveCfg = Release|Any CPU
		{C6AD8718-01F1-18AE-1729-48DCA0AA02E8}.Release|Any CPU.Build.0 = Release|Any CPU
		{E77A90F8-EED0-C342-59D3-71B881325681}.Debug|Any CPU.ActiveCfg = Debug|Any CPU
		{E77A90F8-EED0-C342-59D3-71B881325681}.Debug|Any CPU.Build.0 = Debug|Any CPU
		{E77A90F8-EED0-C342-59D3-71B881325681}.Release|Any CPU.ActiveCfg = Release|Any CPU
		{E77A90F8-EED0-C342-59D3-71B881325681}.Release|Any CPU.Build.0 = Release|Any CPU
		{FF7AE9C1-B1B7-8969-83BD-9E712AE54795}.Debug|Any CPU.ActiveCfg = Debug|Any CPU
		{FF7AE9C1-B1B7-8969-83BD-9E712AE54795}.Debug|Any CPU.Build.0 = Debug|Any CPU
		{FF7AE9C1-B1B7-8969-83BD-9E712AE54795}.Release|Any CPU.ActiveCfg = Release|Any CPU
		{FF7AE9C1-B1B7-8969-83BD-9E712AE54795}.Release|Any CPU.Build.0 = Release|Any CPU
		{FCBFDB18-F413-DF7B-1842-1F4B1D0D18FA}.Debug|Any CPU.ActiveCfg = Debug|Any CPU
		{FCBFDB18-F413-DF7B-1842-1F4B1D0D18FA}.Debug|Any CPU.Build.0 = Debug|Any CPU
		{FCBFDB18-F413-DF7B-1842-1F4B1D0D18FA}.Release|Any CPU.ActiveCfg = Release|Any CPU
		{FCBFDB18-F413-DF7B-1842-1F4B1D0D18FA}.Release|Any CPU.Build.0 = Release|Any CPU
		{21F81ABD-4172-979E-F873-FC65BC9791FB}.Debug|Any CPU.ActiveCfg = Debug|Any CPU
		{21F81ABD-4172-979E-F873-FC65BC9791FB}.Debug|Any CPU.Build.0 = Debug|Any CPU
		{21F81ABD-4172-979E-F873-FC65BC9791FB}.Release|Any CPU.ActiveCfg = Release|Any CPU
		{21F81ABD-4172-979E-F873-FC65BC9791FB}.Release|Any CPU.Build.0 = Release|Any CPU
		{037C0942-C9DE-92DF-031D-541422011545}.Debug|Any CPU.ActiveCfg = Debug|Any CPU
		{037C0942-C9DE-92DF-031D-541422011545}.Debug|Any CPU.Build.0 = Debug|Any CPU
		{037C0942-C9DE-92DF-031D-541422011545}.Release|Any CPU.ActiveCfg = Release|Any CPU
		{037C0942-C9DE-92DF-031D-541422011545}.Release|Any CPU.Build.0 = Release|Any CPU
		{67745795-0168-3F95-5F08-4A52BAFD95AB}.Debug|Any CPU.ActiveCfg = Debug|Any CPU
		{67745795-0168-3F95-5F08-4A52BAFD95AB}.Debug|Any CPU.Build.0 = Debug|Any CPU
		{67745795-0168-3F95-5F08-4A52BAFD95AB}.Release|Any CPU.ActiveCfg = Release|Any CPU
		{67745795-0168-3F95-5F08-4A52BAFD95AB}.Release|Any CPU.Build.0 = Release|Any CPU
		{D2F29024-6F6C-B37A-BA32-C89EC49B37A9}.Debug|Any CPU.ActiveCfg = Debug|Any CPU
		{D2F29024-6F6C-B37A-BA32-C89EC49B37A9}.Debug|Any CPU.Build.0 = Debug|Any CPU
		{D2F29024-6F6C-B37A-BA32-C89EC49B37A9}.Release|Any CPU.ActiveCfg = Release|Any CPU
		{D2F29024-6F6C-B37A-BA32-C89EC49B37A9}.Release|Any CPU.Build.0 = Release|Any CPU
		{209C205B-76AE-6D14-C66E-23F7879E1855}.Debug|Any CPU.ActiveCfg = Debug|Any CPU
		{209C205B-76AE-6D14-C66E-23F7879E1855}.Debug|Any CPU.Build.0 = Debug|Any CPU
		{209C205B-76AE-6D14-C66E-23F7879E1855}.Release|Any CPU.ActiveCfg = Release|Any CPU
		{209C205B-76AE-6D14-C66E-23F7879E1855}.Release|Any CPU.Build.0 = Release|Any CPU
		{90A096CF-006C-3FB6-E277-742F0ABA0AD9}.Debug|Any CPU.ActiveCfg = Debug|Any CPU
		{90A096CF-006C-3FB6-E277-742F0ABA0AD9}.Debug|Any CPU.Build.0 = Debug|Any CPU
		{90A096CF-006C-3FB6-E277-742F0ABA0AD9}.Release|Any CPU.ActiveCfg = Release|Any CPU
		{90A096CF-006C-3FB6-E277-742F0ABA0AD9}.Release|Any CPU.Build.0 = Release|Any CPU
		{20A1C1FD-4DA6-AA28-14EE-B1E4954A8AF1}.Debug|Any CPU.ActiveCfg = Debug|Any CPU
		{20A1C1FD-4DA6-AA28-14EE-B1E4954A8AF1}.Debug|Any CPU.Build.0 = Debug|Any CPU
		{20A1C1FD-4DA6-AA28-14EE-B1E4954A8AF1}.Release|Any CPU.ActiveCfg = Release|Any CPU
		{20A1C1FD-4DA6-AA28-14EE-B1E4954A8AF1}.Release|Any CPU.Build.0 = Release|Any CPU
		{7CA456C9-5ECA-84A5-F170-D886C87605B5}.Debug|Any CPU.ActiveCfg = Debug|Any CPU
		{7CA456C9-5ECA-84A5-F170-D886C87605B5}.Debug|Any CPU.Build.0 = Debug|Any CPU
		{7CA456C9-5ECA-84A5-F170-D886C87605B5}.Release|Any CPU.ActiveCfg = Release|Any CPU
		{7CA456C9-5ECA-84A5-F170-D886C87605B5}.Release|Any CPU.Build.0 = Release|Any CPU
		{56C689E7-9533-A168-9BFD-E9271DE6AC9C}.Debug|Any CPU.ActiveCfg = Debug|Any CPU
		{56C689E7-9533-A168-9BFD-E9271DE6AC9C}.Debug|Any CPU.Build.0 = Debug|Any CPU
		{56C689E7-9533-A168-9BFD-E9271DE6AC9C}.Release|Any CPU.ActiveCfg = Release|Any CPU
		{56C689E7-9533-A168-9BFD-E9271DE6AC9C}.Release|Any CPU.Build.0 = Release|Any CPU
		{5CE9A5A6-9595-723E-7490-9FB8CDBB2F28}.Debug|Any CPU.ActiveCfg = Debug|Any CPU
		{5CE9A5A6-9595-723E-7490-9FB8CDBB2F28}.Debug|Any CPU.Build.0 = Debug|Any CPU
		{5CE9A5A6-9595-723E-7490-9FB8CDBB2F28}.Release|Any CPU.ActiveCfg = Release|Any CPU
		{5CE9A5A6-9595-723E-7490-9FB8CDBB2F28}.Release|Any CPU.Build.0 = Release|Any CPU
		{F98102B9-DAB3-27F6-26B6-FDCA482C8D35}.Debug|Any CPU.ActiveCfg = Debug|Any CPU
		{F98102B9-DAB3-27F6-26B6-FDCA482C8D35}.Debug|Any CPU.Build.0 = Debug|Any CPU
		{F98102B9-DAB3-27F6-26B6-FDCA482C8D35}.Release|Any CPU.ActiveCfg = Release|Any CPU
		{F98102B9-DAB3-27F6-26B6-FDCA482C8D35}.Release|Any CPU.Build.0 = Release|Any CPU
		{FC713F19-99D8-523D-46FE-882B57455919}.Debug|Any CPU.ActiveCfg = Debug|Any CPU
		{FC713F19-99D8-523D-46FE-882B57455919}.Debug|Any CPU.Build.0 = Debug|Any CPU
		{FC713F19-99D8-523D-46FE-882B57455919}.Release|Any CPU.ActiveCfg = Release|Any CPU
		{FC713F19-99D8-523D-46FE-882B57455919}.Release|Any CPU.Build.0 = Release|Any CPU
		{5BFE68A5-D10F-CD96-D942-B0B40C2DD306}.Debug|Any CPU.ActiveCfg = Debug|Any CPU
		{5BFE68A5-D10F-CD96-D942-B0B40C2DD306}.Debug|Any CPU.Build.0 = Debug|Any CPU
		{5BFE68A5-D10F-CD96-D942-B0B40C2DD306}.Release|Any CPU.ActiveCfg = Release|Any CPU
		{5BFE68A5-D10F-CD96-D942-B0B40C2DD306}.Release|Any CPU.Build.0 = Release|Any CPU
		{C7B88FF3-736F-2474-01DB-D51B9ECA01CA}.Debug|Any CPU.ActiveCfg = Debug|Any CPU
		{C7B88FF3-736F-2474-01DB-D51B9ECA01CA}.Debug|Any CPU.Build.0 = Debug|Any CPU
		{C7B88FF3-736F-2474-01DB-D51B9ECA01CA}.Release|Any CPU.ActiveCfg = Release|Any CPU
		{C7B88FF3-736F-2474-01DB-D51B9ECA01CA}.Release|Any CPU.Build.0 = Release|Any CPU
		{2E7B32B0-9952-920F-9A19-03B5AB3CCF6E}.Debug|Any CPU.ActiveCfg = Debug|Any CPU
		{2E7B32B0-9952-920F-9A19-03B5AB3CCF6E}.Debug|Any CPU.Build.0 = Debug|Any CPU
		{2E7B32B0-9952-920F-9A19-03B5AB3CCF6E}.Release|Any CPU.ActiveCfg = Release|Any CPU
		{2E7B32B0-9952-920F-9A19-03B5AB3CCF6E}.Release|Any CPU.Build.0 = Release|Any CPU
		{DEE8F688-FAF3-32BD-044B-87DEF97B2EC1}.Debug|Any CPU.ActiveCfg = Debug|Any CPU
		{DEE8F688-FAF3-32BD-044B-87DEF97B2EC1}.Debug|Any CPU.Build.0 = Debug|Any CPU
		{DEE8F688-FAF3-32BD-044B-87DEF97B2EC1}.Release|Any CPU.ActiveCfg = Release|Any CPU
		{DEE8F688-FAF3-32BD-044B-87DEF97B2EC1}.Release|Any CPU.Build.0 = Release|Any CPU
		{5FCBFF64-2211-33FF-17EB-DD5D331EEBE1}.Debug|Any CPU.ActiveCfg = Debug|Any CPU
		{5FCBFF64-2211-33FF-17EB-DD5D331EEBE1}.Debug|Any CPU.Build.0 = Debug|Any CPU
		{5FCBFF64-2211-33FF-17EB-DD5D331EEBE1}.Release|Any CPU.ActiveCfg = Release|Any CPU
		{5FCBFF64-2211-33FF-17EB-DD5D331EEBE1}.Release|Any CPU.Build.0 = Release|Any CPU
		{F0C09E77-9BB7-A312-6AD3-2492809959ED}.Debug|Any CPU.ActiveCfg = Debug|Any CPU
		{F0C09E77-9BB7-A312-6AD3-2492809959ED}.Debug|Any CPU.Build.0 = Debug|Any CPU
		{F0C09E77-9BB7-A312-6AD3-2492809959ED}.Release|Any CPU.ActiveCfg = Release|Any CPU
		{F0C09E77-9BB7-A312-6AD3-2492809959ED}.Release|Any CPU.Build.0 = Release|Any CPU
		{4DFBD362-C908-3CAB-250D-DEDD8C7E1E51}.Debug|Any CPU.ActiveCfg = Debug|Any CPU
		{4DFBD362-C908-3CAB-250D-DEDD8C7E1E51}.Debug|Any CPU.Build.0 = Debug|Any CPU
		{4DFBD362-C908-3CAB-250D-DEDD8C7E1E51}.Release|Any CPU.ActiveCfg = Release|Any CPU
		{4DFBD362-C908-3CAB-250D-DEDD8C7E1E51}.Release|Any CPU.Build.0 = Release|Any CPU
		{86F4B083-5994-B4C9-4AE5-11704D9B2DDF}.Debug|Any CPU.ActiveCfg = Debug|Any CPU
		{86F4B083-5994-B4C9-4AE5-11704D9B2DDF}.Debug|Any CPU.Build.0 = Debug|Any CPU
		{86F4B083-5994-B4C9-4AE5-11704D9B2DDF}.Release|Any CPU.ActiveCfg = Release|Any CPU
		{86F4B083-5994-B4C9-4AE5-11704D9B2DDF}.Release|Any CPU.Build.0 = Release|Any CPU
		{37FABFC4-8637-D8D3-9ACC-ADA7591CCB0B}.Debug|Any CPU.ActiveCfg = Debug|Any CPU
		{37FABFC4-8637-D8D3-9ACC-ADA7591CCB0B}.Debug|Any CPU.Build.0 = Debug|Any CPU
		{37FABFC4-8637-D8D3-9ACC-ADA7591CCB0B}.Release|Any CPU.ActiveCfg = Release|Any CPU
		{37FABFC4-8637-D8D3-9ACC-ADA7591CCB0B}.Release|Any CPU.Build.0 = Release|Any CPU
		{68D33ED9-6E51-0685-4636-C6F3907453CE}.Debug|Any CPU.ActiveCfg = Debug|Any CPU
		{68D33ED9-6E51-0685-4636-C6F3907453CE}.Debug|Any CPU.Build.0 = Debug|Any CPU
		{68D33ED9-6E51-0685-4636-C6F3907453CE}.Release|Any CPU.ActiveCfg = Release|Any CPU
		{68D33ED9-6E51-0685-4636-C6F3907453CE}.Release|Any CPU.Build.0 = Release|Any CPU
		{293FB247-90FE-A0F0-5071-90F74E5ABE6E}.Debug|Any CPU.ActiveCfg = Debug|Any CPU
		{293FB247-90FE-A0F0-5071-90F74E5ABE6E}.Debug|Any CPU.Build.0 = Debug|Any CPU
		{293FB247-90FE-A0F0-5071-90F74E5ABE6E}.Release|Any CPU.ActiveCfg = Release|Any CPU
		{293FB247-90FE-A0F0-5071-90F74E5ABE6E}.Release|Any CPU.Build.0 = Release|Any CPU
		{88B4C2EB-30E0-5C8C-86DF-0659E0488BFD}.Debug|Any CPU.ActiveCfg = Debug|Any CPU
		{88B4C2EB-30E0-5C8C-86DF-0659E0488BFD}.Debug|Any CPU.Build.0 = Debug|Any CPU
		{88B4C2EB-30E0-5C8C-86DF-0659E0488BFD}.Release|Any CPU.ActiveCfg = Release|Any CPU
		{88B4C2EB-30E0-5C8C-86DF-0659E0488BFD}.Release|Any CPU.Build.0 = Release|Any CPU
		{DBBD3B68-4ED2-9C18-9958-212B7720DEA9}.Debug|Any CPU.ActiveCfg = Debug|Any CPU
		{DBBD3B68-4ED2-9C18-9958-212B7720DEA9}.Debug|Any CPU.Build.0 = Debug|Any CPU
		{DBBD3B68-4ED2-9C18-9958-212B7720DEA9}.Release|Any CPU.ActiveCfg = Release|Any CPU
		{DBBD3B68-4ED2-9C18-9958-212B7720DEA9}.Release|Any CPU.Build.0 = Release|Any CPU
	EndGlobalSection
	GlobalSection(SolutionProperties) = preSolution
		HideSolutionNode = FALSE
	EndGlobalSection
EndGlobal
